
Microsoft Visual Studio Solution File, Format Version 12.00
# Visual Studio Version 17
VisualStudioVersion = 17.4.33403.182
MinimumVisualStudioVersion = 10.0.40219.1
Project("{FAE04EC0-301F-11D3-BF4B-00C04F79EFBC}") = "Week15OOPAndFiles", "Week15OOPAndFiles\Week15OOPAndFiles.csproj", "{5F782CF6-3FD4-4EBA-BFCF-2E81DF5E37B1}"
EndProject
Global
	GlobalSection(SolutionConfigurationPlatforms) = preSolution
		Debug|Any CPU = Debug|Any CPU
		Release|Any CPU = Release|Any CPU
	EndGlobalSection
	GlobalSection(ProjectConfigurationPlatforms) = postSolution
		{5F782CF6-3FD4-4EBA-BFCF-2E81DF5E37B1}.Debug|Any CPU.ActiveCfg = Debug|Any CPU
		{5F782CF6-3FD4-4EBA-BFCF-2E81DF5E37B1}.Debug|Any CPU.Build.0 = Debug|Any CPU
		{5F782CF6-3FD4-4EBA-BFCF-2E81DF5E37B1}.Release|Any CPU.ActiveCfg = Release|Any CPU
		{5F782CF6-3FD4-4EBA-BFCF-2E81DF5E37B1}.Release|Any CPU.Build.0 = Release|Any CPU
	EndGlobalSection
	GlobalSection(SolutionProperties) = preSolution
		HideSolutionNode = FALSE
	EndGlobalSection
	GlobalSection(ExtensibilityGlobals) = postSolution
		SolutionGuid = {0F29DF0C-9B85-42E0-BE47-DD4255D8DE1F}
	EndGlobalSection
EndGlobal
